# Generated by buf. DO NOT EDIT.
version: v1
deps:
  - remote: buf.build
    owner: chintha
    repository: dkit
    commit: 3377bd7c7db540efb68aff3e02312d15
  - remote: buf.build
    owner: go-sdk
    repository: protoc-gen-validate
    commit: 49246dc23b1b4ba98e36c9ce8eb8fd0c
  - remote: buf.build
    owner: googleapis
    repository: googleapis
    commit: 3b4e902919a04bd4a955f1fc17e47cdc
  - remote: buf.build
    owner: srikrsna
    repository: protoc-gen-gotag
    commit: 04b38c6f540d4d2fa9cfd49ae01ae73b
